
Microsoft Visual Studio Solution File, Format Version 12.00
# Visual Studio Version 16
VisualStudioVersion = 16.0.31729.503
MinimumVisualStudioVersion = 10.0.40219.1
Project("{FAE04EC0-301F-11D3-BF4B-00C04F79EFBC}") = "SlideshowWallpaperTest", "SlideshowWallpaperTest\SlideshowWallpaperTest.csproj", "{DDCE37CA-4765-4F36-9699-A8EDFE357289}"
EndProject
Global
	GlobalSection(SolutionConfigurationPlatforms) = preSolution
		Debug|Any CPU = Debug|Any CPU
		Release|Any CPU = Release|Any CPU
	EndGlobalSection
	GlobalSection(ProjectConfigurationPlatforms) = postSolution
		{DDCE37CA-4765-4F36-9699-A8EDFE357289}.Debug|Any CPU.ActiveCfg = Debug|Any CPU
		{DDCE37CA-4765-4F36-9699-A8EDFE357289}.Debug|Any CPU.Build.0 = Debug|Any CPU
		{DDCE37CA-4765-4F36-9699-A8EDFE357289}.Release|Any CPU.ActiveCfg = Release|Any CPU
		{DDCE37CA-4765-4F36-9699-A8EDFE357289}.Release|Any CPU.Build.0 = Release|Any CPU
	EndGlobalSection
	GlobalSection(SolutionProperties) = preSolution
		HideSolutionNode = FALSE
	EndGlobalSection
	GlobalSection(ExtensibilityGlobals) = postSolution
		SolutionGuid = {5A2163CB-F087-460B-9044-067F712FF8E2}
	EndGlobalSection
EndGlobal
